
Microsoft Visual Studio Solution File, Format Version 12.00
Project("{FAE04EC0-301F-11D3-BF4B-00C04F79EFBC}") = "examen2025", "examen2025\examen2025.csproj", "{A6945ACD-D6FD-43BB-AD07-6ECBA8A75BEB}"
EndProject
Global
	GlobalSection(SolutionConfigurationPlatforms) = preSolution
		Debug|Any CPU = Debug|Any CPU
		Release|Any CPU = Release|Any CPU
	EndGlobalSection
	GlobalSection(ProjectConfigurationPlatforms) = postSolution
		{A6945ACD-D6FD-43BB-AD07-6ECBA8A75BEB}.Debug|Any CPU.ActiveCfg = Debug|Any CPU
		{A6945ACD-D6FD-43BB-AD07-6ECBA8A75BEB}.Debug|Any CPU.Build.0 = Debug|Any CPU
		{A6945ACD-D6FD-43BB-AD07-6ECBA8A75BEB}.Release|Any CPU.ActiveCfg = Release|Any CPU
		{A6945ACD-D6FD-43BB-AD07-6ECBA8A75BEB}.Release|Any CPU.Build.0 = Release|Any CPU
	EndGlobalSection
EndGlobal
